
Microsoft Visual Studio Solution File, Format Version 12.00
# Visual Studio 15
Project("{FAE04EC0-301F-11D3-BF4B-00C04F79EFBC}") = "NodeCanvas", "NodeCanvas.csproj", "{AF59E0B2-6336-19DA-F314-913122EB3E2C}"
EndProject
Project("{FAE04EC0-301F-11D3-BF4B-00C04F79EFBC}") = "ParadoxNotion", "ParadoxNotion.csproj", "{B0A9DFAE-7379-2DBC-1596-15578798D167}"
EndProject
Project("{FAE04EC0-301F-11D3-BF4B-00C04F79EFBC}") = "Assembly-CSharp", "Assembly-CSharp.csproj", "{DF877AB4-6476-7E9C-EE0C-F432B194A069}"
EndProject
Global
	GlobalSection(SolutionConfigurationPlatforms) = preSolution
		Debug|Any CPU = Debug|Any CPU
		Release|Any CPU = Release|Any CPU
	EndGlobalSection
	GlobalSection(ProjectConfigurationPlatforms) = postSolution
		{AF59E0B2-6336-19DA-F314-913122EB3E2C}.Debug|Any CPU.ActiveCfg = Debug|Any CPU
		{AF59E0B2-6336-19DA-F314-913122EB3E2C}.Debug|Any CPU.Build.0 = Debug|Any CPU
		{AF59E0B2-6336-19DA-F314-913122EB3E2C}.Release|Any CPU.ActiveCfg = Release|Any CPU
		{AF59E0B2-6336-19DA-F314-913122EB3E2C}.Release|Any CPU.Build.0 = Release|Any CPU
		{B0A9DFAE-7379-2DBC-1596-15578798D167}.Debug|Any CPU.ActiveCfg = Debug|Any CPU
		{B0A9DFAE-7379-2DBC-1596-15578798D167}.Debug|Any CPU.Build.0 = Debug|Any CPU
		{B0A9DFAE-7379-2DBC-1596-15578798D167}.Release|Any CPU.ActiveCfg = Release|Any CPU
		{B0A9DFAE-7379-2DBC-1596-15578798D167}.Release|Any CPU.Build.0 = Release|Any CPU
		{DF877AB4-6476-7E9C-EE0C-F432B194A069}.Debug|Any CPU.ActiveCfg = Debug|Any CPU
		{DF877AB4-6476-7E9C-EE0C-F432B194A069}.Debug|Any CPU.Build.0 = Debug|Any CPU
		{DF877AB4-6476-7E9C-EE0C-F432B194A069}.Release|Any CPU.ActiveCfg = Release|Any CPU
		{DF877AB4-6476-7E9C-EE0C-F432B194A069}.Release|Any CPU.Build.0 = Release|Any CPU
	EndGlobalSection
	GlobalSection(SolutionProperties) = preSolution
		HideSolutionNode = FALSE
	EndGlobalSection
EndGlobal
